// !$*UTF8*$!
{
	archiveVersion = 1;
	classes = {
	};
	objectVersion = 56;
	objects = {

/* Begin PBXBuildFile section */
		BB971E052A8120CE00B80FA9 /* PersonEntity.swift in Sources */ = {isa = PBXBuildFile; fileRef = BB971E042A8120CE00B80FA9 /* PersonEntity.swift */; };
		BB971E082A8120E900B80FA9 /* GreetingLayerData.swift in Sources */ = {isa = PBXBuildFile; fileRef = BB971E072A8120E900B80FA9 /* GreetingLayerData.swift */; };
		BB971E0B2A81217E00B80FA9 /* GreetingInteractor.swift in Sources */ = {isa = PBXBuildFile; fileRef = BB971E0A2A81217E00B80FA9 /* GreetingInteractor.swift */; };
		BB971E0D2A81221C00B80FA9 /* GreetingPresenter.swift in Sources */ = {isa = PBXBuildFile; fileRef = BB971E0C2A81221C00B80FA9 /* GreetingPresenter.swift */; };
		BB971E0F2A81228F00B80FA9 /* GreetingViewController.swift in Sources */ = {isa = PBXBuildFile; fileRef = BB971E0E2A81228F00B80FA9 /* GreetingViewController.swift */; };
		BB971E112A81238500B80FA9 /* ModuleBuilder.swift in Sources */ = {isa = PBXBuildFile; fileRef = BB971E102A81238500B80FA9 /* ModuleBuilder.swift */; };
		BBAA12262A0B795A003813C6 /* AppDelegate.swift in Sources */ = {isa = PBXBuildFile; fileRef = BBAA12252A0B795A003813C6 /* AppDelegate.swift */; };
		BBAA12282A0B795A003813C6 /* SceneDelegate.swift in Sources */ = {isa = PBXBuildFile; fileRef = BBAA12272A0B795A003813C6 /* SceneDelegate.swift */; };
		BBAA122F2A0B795B003813C6 /* Assets.xcassets in Resources */ = {isa = PBXBuildFile; fileRef = BBAA122E2A0B795B003813C6 /* Assets.xcassets */; };
		BBAA12322A0B795B003813C6 /* LaunchScreen.storyboard in Resources */ = {isa = PBXBuildFile; fileRef = BBAA12302A0B795B003813C6 /* LaunchScreen.storyboard */; };
/* End PBXBuildFile section */

/* Begin PBXFileReference section */
		BB971E042A8120CE00B80FA9 /* PersonEntity.swift */ = {isa = PBXFileReference; lastKnownFileType = sourcecode.swift; path = PersonEntity.swift; sourceTree = "<group>"; };
		BB971E072A8120E900B80FA9 /* GreetingLayerData.swift */ = {isa = PBXFileReference; lastKnownFileType = sourcecode.swift; path = GreetingLayerData.swift; sourceTree = "<group>"; };
		BB971E0A2A81217E00B80FA9 /* GreetingInteractor.swift */ = {isa = PBXFileReference; lastKnownFileType = sourcecode.swift; path = GreetingInteractor.swift; sourceTree = "<group>"; };
		BB971E0C2A81221C00B80FA9 /* GreetingPresenter.swift */ = {isa = PBXFileReference; lastKnownFileType = sourcecode.swift; path = GreetingPresenter.swift; sourceTree = "<group>"; };
		BB971E0E2A81228F00B80FA9 /* GreetingViewController.swift */ = {isa = PBXFileReference; lastKnownFileType = sourcecode.swift; path = GreetingViewController.swift; sourceTree = "<group>"; };
		BB971E102A81238500B80FA9 /* ModuleBuilder.swift */ = {isa = PBXFileReference; lastKnownFileType = sourcecode.swift; path = ModuleBuilder.swift; sourceTree = "<group>"; };
		BBAA12222A0B795A003813C6 /* VIPER.app */ = {isa = PBXFileReference; explicitFileType = wrapper.application; includeInIndex = 0; path = VIPER.app; sourceTree = BUILT_PRODUCTS_DIR; };
		BBAA12252A0B795A003813C6 /* AppDelegate.swift */ = {isa = PBXFileReference; lastKnownFileType = sourcecode.swift; path = AppDelegate.swift; sourceTree = "<group>"; };
		BBAA12272A0B795A003813C6 /* SceneDelegate.swift */ = {isa = PBXFileReference; lastKnownFileType = sourcecode.swift; path = SceneDelegate.swift; sourceTree = "<group>"; };
		BBAA122E2A0B795B003813C6 /* Assets.xcassets */ = {isa = PBXFileReference; lastKnownFileType = folder.assetcatalog; path = Assets.xcassets; sourceTree = "<group>"; };
		BBAA12312A0B795B003813C6 /* Base */ = {isa = PBXFileReference; lastKnownFileType = file.storyboard; name = Base; path = Base.lproj/LaunchScreen.storyboard; sourceTree = "<group>"; };
		BBAA12332A0B795B003813C6 /* Info.plist */ = {isa = PBXFileReference; lastKnownFileType = text.plist.xml; path = Info.plist; sourceTree = "<group>"; };
/* End PBXFileReference section */

/* Begin PBXFrameworksBuildPhase section */
		BBAA121F2A0B795A003813C6 /* Frameworks */ = {
			isa = PBXFrameworksBuildPhase;
			buildActionMask = 2147483647;
			files = (
			);
			runOnlyForDeploymentPostprocessing = 0;
		};
/* End PBXFrameworksBuildPhase section */

/* Begin PBXGroup section */
		BB120E0C2A0B79A0003523ED /* Application */ = {
			isa = PBXGroup;
			children = (
				BBAA12252A0B795A003813C6 /* AppDelegate.swift */,
				BBAA12272A0B795A003813C6 /* SceneDelegate.swift */,
				BB971E102A81238500B80FA9 /* ModuleBuilder.swift */,
			);
			path = Application;
			sourceTree = "<group>";
		};
		BB120E0D2A0B79B1003523ED /* Resources */ = {
			isa = PBXGroup;
			children = (
				BBAA122E2A0B795B003813C6 /* Assets.xcassets */,
				BBAA12302A0B795B003813C6 /* LaunchScreen.storyboard */,
				BBAA12332A0B795B003813C6 /* Info.plist */,
			);
			path = Resources;
			sourceTree = "<group>";
		};
		BBAA12192A0B795A003813C6 = {
			isa = PBXGroup;
			children = (
				BBAA12242A0B795A003813C6 /* VIPER */,
				BBAA12232A0B795A003813C6 /* Products */,
			);
			sourceTree = "<group>";
		};
		BBAA12232A0B795A003813C6 /* Products */ = {
			isa = PBXGroup;
			children = (
				BBAA12222A0B795A003813C6 /* VIPER.app */,
			);
			name = Products;
			sourceTree = "<group>";
		};
		BBAA12242A0B795A003813C6 /* VIPER */ = {
			isa = PBXGroup;
			children = (
				BB971E042A8120CE00B80FA9 /* PersonEntity.swift */,
				BB971E072A8120E900B80FA9 /* GreetingLayerData.swift */,
				BB971E0A2A81217E00B80FA9 /* GreetingInteractor.swift */,
				BB971E0C2A81221C00B80FA9 /* GreetingPresenter.swift */,
				BB971E0E2A81228F00B80FA9 /* GreetingViewController.swift */,
				BB120E0C2A0B79A0003523ED /* Application */,
				BB120E0D2A0B79B1003523ED /* Resources */,
			);
			path = VIPER;
			sourceTree = "<group>";
		};
/* End PBXGroup section */

/* Begin PBXNativeTarget section */
		BBAA12212A0B795A003813C6 /* VIPER */ = {
			isa = PBXNativeTarget;
			buildConfigurationList = BBAA12362A0B795B003813C6 /* Build configuration list for PBXNativeTarget "VIPER" */;
			buildPhases = (
				BBAA121E2A0B795A003813C6 /* Sources */,
				BBAA121F2A0B795A003813C6 /* Frameworks */,
				BBAA12202A0B795A003813C6 /* Resources */,
			);
			buildRules = (
			);
			dependencies = (
			);
			name = VIPER;
			productName = VIPER;
			productReference = BBAA12222A0B795A003813C6 /* VIPER.app */;
			productType = "com.apple.product-type.application";
		};
/* End PBXNativeTarget section */

/* Begin PBXProject section */
		BBAA121A2A0B795A003813C6 /* Project object */ = {
			isa = PBXProject;
			attributes = {
				BuildIndependentTargetsInParallel = 1;
				LastSwiftUpdateCheck = 1430;
				LastUpgradeCheck = 1430;
				TargetAttributes = {
					BBAA12212A0B795A003813C6 = {
						CreatedOnToolsVersion = 14.3;
					};
				};
			};
			buildConfigurationList = BBAA121D2A0B795A003813C6 /* Build configuration list for PBXProject "VIPER" */;
			compatibilityVersion = "Xcode 14.0";
			developmentRegion = en;
			hasScannedForEncodings = 0;
			knownRegions = (
				en,
				Base,
			);
			mainGroup = BBAA12192A0B795A003813C6;
			productRefGroup = BBAA12232A0B795A003813C6 /* Products */;
			projectDirPath = "";
			projectRoot = "";
			targets = (
				BBAA12212A0B795A003813C6 /* VIPER */,
			);
		};
/* End PBXProject section */

/* Begin PBXResourcesBuildPhase section */
		BBAA12202A0B795A003813C6 /* Resources */ = {
			isa = PBXResourcesBuildPhase;
			buildActionMask = 2147483647;
			files = (
				BBAA12322A0B795B003813C6 /* LaunchScreen.storyboard in Resources */,
				BBAA122F2A0B795B003813C6 /* Assets.xcassets in Resources */,
			);
			runOnlyForDeploymentPostprocessing = 0;
		};
/* End PBXResourcesBuildPhase section */

/* Begin PBXSourcesBuildPhase section */
		BBAA121E2A0B795A003813C6 /* Sources */ = {
			isa = PBXSourcesBuildPhase;
			buildActionMask = 2147483647;
			files = (
				BB971E082A8120E900B80FA9 /* GreetingLayerData.swift in Sources */,
				BB971E0D2A81221C00B80FA9 /* GreetingPresenter.swift in Sources */,
				BB971E052A8120CE00B80FA9 /* PersonEntity.swift in Sources */,
				BB971E112A81238500B80FA9 /* ModuleBuilder.swift in Sources */,
				BBAA12262A0B795A003813C6 /* AppDelegate.swift in Sources */,
				BB971E0F2A81228F00B80FA9 /* GreetingViewController.swift in Sources */,
				BBAA12282A0B795A003813C6 /* SceneDelegate.swift in Sources */,
				BB971E0B2A81217E00B80FA9 /* GreetingInteractor.swift in Sources */,
			);
			runOnlyForDeploymentPostprocessing = 0;
		};
/* End PBXSourcesBuildPhase section */

/* Begin PBXVariantGroup section */
		BBAA12302A0B795B003813C6 /* LaunchScreen.storyboard */ = {
			isa = PBXVariantGroup;
			children = (
				BBAA12312A0B795B003813C6 /* Base */,
			);
			name = LaunchScreen.storyboard;
			sourceTree = "<group>";
		};
/* End PBXVariantGroup section */

/* Begin XCBuildConfiguration section */
		BBAA12342A0B795B003813C6 /* Debug */ = {
			isa = XCBuildConfiguration;
			buildSettings = {
				ALWAYS_SEARCH_USER_PATHS = NO;
				CLANG_ANALYZER_NONNULL = YES;
				CLANG_ANALYZER_NUMBER_OBJECT_CONVERSION = YES_AGGRESSIVE;
				CLANG_CXX_LANGUAGE_STANDARD = "gnu++20";
				CLANG_ENABLE_MODULES = YES;
				CLANG_ENABLE_OBJC_ARC = YES;
				CLANG_ENABLE_OBJC_WEAK = YES;
				CLANG_WARN_BLOCK_CAPTURE_AUTORELEASING = YES;
				CLANG_WARN_BOOL_CONVERSION = YES;
				CLANG_WARN_COMMA = YES;
				CLANG_WARN_CONSTANT_CONVERSION = YES;
				CLANG_WARN_DEPRECATED_OBJC_IMPLEMENTATIONS = YES;
				CLANG_WARN_DIRECT_OBJC_ISA_USAGE = YES_ERROR;
				CLANG_WARN_DOCUMENTATION_COMMENTS = YES;
				CLANG_WARN_EMPTY_BODY = YES;
				CLANG_WARN_ENUM_CONVERSION = YES;
				CLANG_WARN_INFINITE_RECURSION = YES;
				CLANG_WARN_INT_CONVERSION = YES;
				CLANG_WARN_NON_LITERAL_NULL_CONVERSION = YES;
				CLANG_WARN_OBJC_IMPLICIT_RETAIN_SELF = YES;
				CLANG_WARN_OBJC_LITERAL_CONVERSION = YES;
				CLANG_WARN_OBJC_ROOT_CLASS = YES_ERROR;
				CLANG_WARN_QUOTED_INCLUDE_IN_FRAMEWORK_HEADER = YES;
				CLANG_WARN_RANGE_LOOP_ANALYSIS = YES;
				CLANG_WARN_STRICT_PROTOTYPES = YES;
				CLANG_WARN_SUSPICIOUS_MOVE = YES;
				CLANG_WARN_UNGUARDED_AVAILABILITY = YES_AGGRESSIVE;
				CLANG_WARN_UNREACHABLE_CODE = YES;
				CLANG_WARN__DUPLICATE_METHOD_MATCH = YES;
				COPY_PHASE_STRIP = NO;
				DEBUG_INFORMATION_FORMAT = dwarf;
				ENABLE_STRICT_OBJC_MSGSEND = YES;
				ENABLE_TESTABILITY = YES;
				GCC_C_LANGUAGE_STANDARD = gnu11;
				GCC_DYNAMIC_NO_PIC = NO;
				GCC_NO_COMMON_BLOCKS = YES;
				GCC_OPTIMIZATION_LEVEL = 0;
				GCC_PREPROCESSOR_DEFINITIONS = (
					"DEBUG=1",
					"$(inherited)",
				);
				GCC_WARN_64_TO_32_BIT_CONVERSION = YES;
				GCC_WARN_ABOUT_RETURN_TYPE = YES_ERROR;
				GCC_WARN_UNDECLARED_SELECTOR = YES;
				GCC_WARN_UNINITIALIZED_AUTOS = YES_AGGRESSIVE;
				GCC_WARN_UNUSED_FUNCTION = YES;
				GCC_WARN_UNUSED_VARIABLE = YES;
				IPHONEOS_DEPLOYMENT_TARGET = 16.4;
				MTL_ENABLE_DEBUG_INFO = INCLUDE_SOURCE;
				MTL_FAST_MATH = YES;
				ONLY_ACTIVE_ARCH = YES;
				SDKROOT = iphoneos;
				SWIFT_ACTIVE_COMPILATION_CONDITIONS = DEBUG;
				SWIFT_OPTIMIZATION_LEVEL = "-Onone";
			};
			name = Debug;
		};
		BBAA12352A0B795B003813C6 /* Release */ = {
			isa = XCBuildConfiguration;
			buildSettings = {
				ALWAYS_SEARCH_USER_PATHS = NO;
				CLANG_ANALYZER_NONNULL = YES;
				CLANG_ANALYZER_NUMBER_OBJECT_CONVERSION = YES_AGGRESSIVE;
				CLANG_CXX_LANGUAGE_STANDARD = "gnu++20";
				CLANG_ENABLE_MODULES = YES;
				CLANG_ENABLE_OBJC_ARC = YES;
				CLANG_ENABLE_OBJC_WEAK = YES;
				CLANG_WARN_BLOCK_CAPTURE_AUTORELEASING = YES;
				CLANG_WARN_BOOL_CONVERSION = YES;
				CLANG_WARN_COMMA = YES;
				CLANG_WARN_CONSTANT_CONVERSION = YES;
				CLANG_WARN_DEPRECATED_OBJC_IMPLEMENTATIONS = YES;
				CLANG_WARN_DIRECT_OBJC_ISA_USAGE = YES_ERROR;
				CLANG_WARN_DOCUMENTATION_COMMENTS = YES;
				CLANG_WARN_EMPTY_BODY = YES;
				CLANG_WARN_ENUM_CONVERSION = YES;
				CLANG_WARN_INFINITE_RECURSION = YES;
				CLANG_WARN_INT_CONVERSION = YES;
				CLANG_WARN_NON_LITERAL_NULL_CONVERSION = YES;
				CLANG_WARN_OBJC_IMPLICIT_RETAIN_SELF = YES;
				CLANG_WARN_OBJC_LITERAL_CONVERSION = YES;
				CLANG_WARN_OBJC_ROOT_CLASS = YES_ERROR;
				CLANG_WARN_QUOTED_INCLUDE_IN_FRAMEWORK_HEADER = YES;
				CLANG_WARN_RANGE_LOOP_ANALYSIS = YES;
				CLANG_WARN_STRICT_PROTOTYPES = YES;
				CLANG_WARN_SUSPICIOUS_MOVE = YES;
				CLANG_WARN_UNGUARDED_AVAILABILITY = YES_AGGRESSIVE;
				CLANG_WARN_UNREACHABLE_CODE = YES;
				CLANG_WARN__DUPLICATE_METHOD_MATCH = YES;
				COPY_PHASE_STRIP = NO;
				DEBUG_INFORMATION_FORMAT = "dwarf-with-dsym";
				ENABLE_NS_ASSERTIONS = NO;
				ENABLE_STRICT_OBJC_MSGSEND = YES;
				GCC_C_LANGUAGE_STANDARD = gnu11;
				GCC_NO_COMMON_BLOCKS = YES;
				GCC_WARN_64_TO_32_BIT_CONVERSION = YES;
				GCC_WARN_ABOUT_RETURN_TYPE = YES_ERROR;
				GCC_WARN_UNDECLARED_SELECTOR = YES;
				GCC_WARN_UNINITIALIZED_AUTOS = YES_AGGRESSIVE;
				GCC_WARN_UNUSED_FUNCTION = YES;
				GCC_WARN_UNUSED_VARIABLE = YES;
				IPHONEOS_DEPLOYMENT_TARGET = 16.4;
				MTL_ENABLE_DEBUG_INFO = NO;
				MTL_FAST_MATH = YES;
				SDKROOT = iphoneos;
				SWIFT_COMPILATION_MODE = wholemodule;
				SWIFT_OPTIMIZATION_LEVEL = "-O";
				VALIDATE_PRODUCT = YES;
			};
			name = Release;
		};
		BBAA12372A0B795B003813C6 /* Debug */ = {
			isa = XCBuildConfiguration;
			buildSettings = {
				ASSETCATALOG_COMPILER_APPICON_NAME = AppIcon;
				ASSETCATALOG_COMPILER_GLOBAL_ACCENT_COLOR_NAME = AccentColor;
				CODE_SIGN_STYLE = Automatic;
				CURRENT_PROJECT_VERSION = 1;
				DEVELOPMENT_TEAM = SF69972TN6;
				GENERATE_INFOPLIST_FILE = YES;
				INFOPLIST_FILE = VIPER/Resources/Info.plist;
				INFOPLIST_KEY_UIApplicationSupportsIndirectInputEvents = YES;
				INFOPLIST_KEY_UILaunchStoryboardName = LaunchScreen;
				INFOPLIST_KEY_UISupportedInterfaceOrientations_iPad = "UIInterfaceOrientationPortrait UIInterfaceOrientationPortraitUpsideDown UIInterfaceOrientationLandscapeLeft UIInterfaceOrientationLandscapeRight";
				INFOPLIST_KEY_UISupportedInterfaceOrientations_iPhone = "UIInterfaceOrientationPortrait UIInterfaceOrientationLandscapeLeft UIInterfaceOrientationLandscapeRight";
				LD_RUNPATH_SEARCH_PATHS = (
					"$(inherited)",
					"@executable_path/Frameworks",
				);
				MARKETING_VERSION = 1.0;
				PRODUCT_BUNDLE_IDENTIFIER = com.smk.VIPER;
				PRODUCT_NAME = "$(TARGET_NAME)";
				SWIFT_EMIT_LOC_STRINGS = YES;
				SWIFT_VERSION = 5.0;
				TARGETED_DEVICE_FAMILY = "1,2";
			};
			name = Debug;
		};
		BBAA12382A0B795B003813C6 /* Release */ = {
			isa = XCBuildConfiguration;
			buildSettings = {
				ASSETCATALOG_COMPILER_APPICON_NAME = AppIcon;
				ASSETCATALOG_COMPILER_GLOBAL_ACCENT_COLOR_NAME = AccentColor;
				CODE_SIGN_STYLE = Automatic;
				CURRENT_PROJECT_VERSION = 1;
				DEVELOPMENT_TEAM = SF69972TN6;
				GENERATE_INFOPLIST_FILE = YES;
				INFOPLIST_FILE = VIPER/Resources/Info.plist;
				INFOPLIST_KEY_UIApplicationSupportsIndirectInputEvents = YES;
				INFOPLIST_KEY_UILaunchStoryboardName = LaunchScreen;
				INFOPLIST_KEY_UISupportedInterfaceOrientations_iPad = "UIInterfaceOrientationPortrait UIInterfaceOrientationPortraitUpsideDown UIInterfaceOrientationLandscapeLeft UIInterfaceOrientationLandscapeRight";
				INFOPLIST_KEY_UISupportedInterfaceOrientations_iPhone = "UIInterfaceOrientationPortrait UIInterfaceOrientationLandscapeLeft UIInterfaceOrientationLandscapeRight";
				LD_RUNPATH_SEARCH_PATHS = (
					"$(inherited)",
					"@executable_path/Frameworks",
				);
				MARKETING_VERSION = 1.0;
				PRODUCT_BUNDLE_IDENTIFIER = com.smk.VIPER;
				PRODUCT_NAME = "$(TARGET_NAME)";
				SWIFT_EMIT_LOC_STRINGS = YES;
				SWIFT_VERSION = 5.0;
				TARGETED_DEVICE_FAMILY = "1,2";
			};
			name = Release;
		};
/* End XCBuildConfiguration section */

/* Begin XCConfigurationList section */
		BBAA121D2A0B795A003813C6 /* Build configuration list for PBXProject "VIPER" */ = {
			isa = XCConfigurationList;
			buildConfigurations = (
				BBAA12342A0B795B003813C6 /* Debug */,
				BBAA12352A0B795B003813C6 /* Release */,
			);
			defaultConfigurationIsVisible = 0;
			defaultConfigurationName = Release;
		};
		BBAA12362A0B795B003813C6 /* Build configuration list for PBXNativeTarget "VIPER" */ = {
			isa = XCConfigurationList;
			buildConfigurations = (
				BBAA12372A0B795B003813C6 /* Debug */,
				BBAA12382A0B795B003813C6 /* Release */,
			);
			defaultConfigurationIsVisible = 0;
			defaultConfigurationName = Release;
		};
/* End XCConfigurationList section */
	};
	rootObject = BBAA121A2A0B795A003813C6 /* Project object */;
}
